
Microsoft Visual Studio Solution File, Format Version 12.00
# Visual Studio Version 16
VisualStudioVersion = 16.0.31729.503
MinimumVisualStudioVersion = 10.0.40219.1
Project("{888888A0-9F3D-457C-B088-3A5042F75D52}") = "Одноразовый бот", "Одноразовый бот.pyproj", "{18CB1F68-89DF-4BFA-8E13-E6C26E110786}"
EndProject
Global
	GlobalSection(SolutionConfigurationPlatforms) = preSolution
		Debug|Any CPU = Debug|Any CPU
		Release|Any CPU = Release|Any CPU
	EndGlobalSection
	GlobalSection(ProjectConfigurationPlatforms) = postSolution
		{18CB1F68-89DF-4BFA-8E13-E6C26E110786}.Debug|Any CPU.ActiveCfg = Debug|Any CPU
		{18CB1F68-89DF-4BFA-8E13-E6C26E110786}.Release|Any CPU.ActiveCfg = Release|Any CPU
	EndGlobalSection
	GlobalSection(SolutionProperties) = preSolution
		HideSolutionNode = FALSE
	EndGlobalSection
	GlobalSection(ExtensibilityGlobals) = postSolution
		SolutionGuid = {EBF95124-E43E-46E2-9261-DDD5AA53C61F}
	EndGlobalSection
EndGlobal
